
Microsoft Visual Studio Solution File, Format Version 12.00
# Visual Studio 15
VisualStudioVersion = 15.0.27428.2043
MinimumVisualStudioVersion = 10.0.40219.1
Project("{9A19103F-16F7-4668-BE54-9A1E7A4F7556}") = "Csd.Api.Client", "Csd.Api.Client\Csd.Api.Client.csproj", "{34258369-75A2-4178-AC60-649C70365BFC}"
EndProject
Project("{9A19103F-16F7-4668-BE54-9A1E7A4F7556}") = "Csd.Api.ClientConsole", "Csd.Api.ClientConsole\Csd.Api.ClientConsole.csproj", "{55E63888-F783-4DBF-9397-516EF6B37159}"
EndProject
Global
	GlobalSection(SolutionConfigurationPlatforms) = preSolution
		Debug|Any CPU = Debug|Any CPU
		Release|Any CPU = Release|Any CPU
	EndGlobalSection
	GlobalSection(ProjectConfigurationPlatforms) = postSolution
		{34258369-75A2-4178-AC60-649C70365BFC}.Debug|Any CPU.ActiveCfg = Debug|Any CPU
		{34258369-75A2-4178-AC60-649C70365BFC}.Debug|Any CPU.Build.0 = Debug|Any CPU
		{34258369-75A2-4178-AC60-649C70365BFC}.Release|Any CPU.ActiveCfg = Release|Any CPU
		{34258369-75A2-4178-AC60-649C70365BFC}.Release|Any CPU.Build.0 = Release|Any CPU
		{55E63888-F783-4DBF-9397-516EF6B37159}.Debug|Any CPU.ActiveCfg = Debug|Any CPU
		{55E63888-F783-4DBF-9397-516EF6B37159}.Debug|Any CPU.Build.0 = Debug|Any CPU
		{55E63888-F783-4DBF-9397-516EF6B37159}.Release|Any CPU.ActiveCfg = Release|Any CPU
		{55E63888-F783-4DBF-9397-516EF6B37159}.Release|Any CPU.Build.0 = Release|Any CPU
	EndGlobalSection
	GlobalSection(SolutionProperties) = preSolution
		HideSolutionNode = FALSE
	EndGlobalSection
	GlobalSection(ExtensibilityGlobals) = postSolution
		SolutionGuid = {A11D1520-B3B7-4DC1-B865-21EBB3659A39}
	EndGlobalSection
EndGlobal
